#MicroXplorer Configuration settings - do not modify
Mcu.Family=STM32F0
PF7.GPIOParameters=GPIO_Label
ProjectManager.MainLocation=Core/Src
RCC.MCOFreq_Value=48000000
PB13.GPIOParameters=GPIO_Label
RCC.USART1Freq_Value=48000000
TIM17.Prescaler=24000-1
VP_TIM17_VS_ClockSourceINT.Mode=Enable_Timer
ProjectManager.KeepUserCode=true
Mcu.UserName=STM32F030C6Tx
PB10.Mode=I2C
TIM1.IPParameters=Channel-PWM Generation2 CH2,Prescaler,Period,Pulse-PWM Generation2 CH2
RCC.PLLCLKFreq_Value=48000000
PB14.GPIO_Label=Motor12Out
VP_IWDG_VS_IWDG.Mode=IWDG_Activate
PA0.GPIO_Label=LCD_RS
ProjectManager.functionlistsort=1-MX_GPIO_Init-GPIO-false-HAL-true,2-SystemClock_Config-RCC-false-HAL-false,3-MX_I2C1_Init-I2C1-false-HAL-true,4-MX_TIM1_Init-TIM1-false-HAL-true,5-MX_TIM16_Init-TIM16-false-HAL-true,6-MX_TIM17_Init-TIM17-false-HAL-true,7-MX_IWDG_Init-IWDG-false-HAL-true
PA9.GPIOParameters=GPIO_Label
PA11.GPIOParameters=GPIO_Label
PA3.GPIOParameters=GPIO_Label
PB6.GPIO_Label=SHT_SCL
PB0.GPIO_Label=KeySetting
PA6.GPIO_Label=LCD_D7
NVIC.SVC_IRQn=true\:0\:0\:false\:false\:true\:false\:false
PC13.GPIO_Label=BuzzerOut
PB13.GPIO_Label=FanExhaustOut
PB11.Signal=I2C1_SDA
PB13.Signal=GPIO_Output
PB15.Signal=GPIO_Output
PA2.GPIOParameters=GPIO_Label
PinOutPanel.RotationAngle=0
RCC.SYSCLKSource=RCC_SYSCLKSOURCE_PLLCLK
ProjectManager.StackSize=0x400
Mcu.IP4=SYS
RCC.FCLKCortexFreq_Value=48000000
Mcu.IP5=TIM1
I2C1.IPParameters=Speed,Timing
Mcu.IP2=NVIC
Mcu.IP3=RCC
PB4.GPIOParameters=GPIO_Label
Mcu.IP0=I2C1
Mcu.IP1=IWDG
TIM1.Prescaler=960-1
Mcu.UserConstants=
PF7.Signal=GPIO_Output
Mcu.ThirdPartyNb=0
PB1.GPIO_PuPd=GPIO_PULLUP
NVIC.TIM17_IRQn=true\:1\:0\:true\:false\:true\:true\:true
RCC.HCLKFreq_Value=48000000
Mcu.IPNb=8
ProjectManager.PreviousToolchain=
PB6.Signal=GPIO_Output
PA8.GPIOParameters=GPIO_Label
Mcu.Pin6=PA5
Mcu.Pin7=PA6
TIM17.IPParameters=Prescaler,Period
Mcu.Pin8=PA7
Mcu.Pin9=PB0
RCC.AHBFreq_Value=48000000
PB13.Locked=true
Mcu.Pin0=PC13
Mcu.Pin1=PA0
GPIO.groupedBy=Group By Peripherals
Mcu.Pin2=PA1
Mcu.Pin3=PA2
Mcu.Pin4=PA3
Mcu.Pin5=PA4
ProjectManager.ProjectBuild=false
PA0.Locked=true
PB2.Signal=GPIO_Input
PA8.Locked=true
PA4.Locked=true
NVIC.SysTick_IRQn=true\:0\:0\:false\:false\:true\:false\:true
RCC.PLLMUL=RCC_PLL_MUL12
PB12.GPIO_Label=LedCntlOut
TIM17.Period=2000-1
ProjectManager.FirmwarePackage=STM32Cube FW_F0 V1.11.3
MxDb.Version=DB.6.0.10
PB0.GPIOParameters=GPIO_PuPd,GPIO_Label
PA1.GPIOParameters=GPIO_Label
ProjectManager.BackupPrevious=false
PF7.GPIO_Label=HeaterRelay
PA14.Mode=Serial_Wire
PB1.GPIO_Label=KeyDown
File.Version=6
PB3.GPIOParameters=GPIO_Label
PB7.Signal=GPIO_Output
PB8.Locked=true
PA8.Signal=GPIO_Output
PB6.Locked=true
NVIC.PendSV_IRQn=true\:0\:0\:false\:false\:true\:false\:false
PB6.GPIOParameters=GPIO_Label
ProjectManager.HalAssertFull=false
PB2.GPIO_PuPd=GPIO_PULLUP
PB0.Locked=true
VP_TIM1_VS_ClockSourceINT.Mode=Internal
ProjectManager.ProjectName=EggIncubator_HW41
PA0.Signal=GPIO_Output
RCC.PLLMCOFreq_Value=48000000
PB7.GPIO_Label=SHT_SDA
Mcu.Package=LQFP48
PB9.Signal=GPIO_Output
PB1.Signal=GPIO_Input
PA6.Signal=GPIO_Output
PA7.Locked=true
PA5.Locked=true
TIM1.Pulse-PWM\ Generation2\ CH2=500-1
ProjectManager.ToolChainLocation=
PA2.GPIO_Label=LCD_E
VP_SYS_VS_Systick.Signal=SYS_VS_Systick
PA5.GPIOParameters=GPIO_Label
PF7.Locked=true
PB14.GPIOParameters=GPIO_Label
RCC.APB1TimFreq_Value=48000000
TIM1.Period=1000-1
PB10.GPIOParameters=GPIO_Label
TIM16.Prescaler=480-1
PA4.GPIO_Label=LCD_D5
ProjectManager.CustomerFirmwarePackage=
PB15.Locked=true
PB3.Locked=true
PB4.Signal=GPIO_Output
PA3.Signal=GPIO_Output
PA2.Locked=true
PB3.GPIO_Label=LedHatcher
PA6.GPIOParameters=GPIO_Label
I2C1.Speed=50
ProjectManager.ProjectFileName=EggIncubator_HW41.ioc
PB8.GPIOParameters=GPIO_Label
PB9.GPIO_Label=LedHeater
Mcu.PinsNb=35
ProjectManager.NoMain=false
PC13.Locked=true
PC13.Signal=GPIO_Output
PA9.GPIO_Label=HeaterPwm
PB11.GPIO_Label=EE_SDA
PA11.GPIO_Label=EE_WP
ProjectManager.DefaultFWLocation=true
VP_TIM16_VS_ClockSourceINT.Mode=Enable_Timer
NVIC.TIM16_IRQn=true\:0\:0\:false\:false\:true\:true\:true
PB12.Locked=true
ProjectManager.DeletePrevious=true
PB14.Locked=true
VP_TIM17_VS_ClockSourceINT.Signal=TIM17_VS_ClockSourceINT
RCC.FamilyName=M
PB9.GPIOParameters=GPIO_Label
PA13.Signal=SYS_SWDIO
PB8.GPIO_Label=LedHumidity
PA11.Locked=true
PA8.GPIO_Label=HumidityOut
PB11.Mode=I2C
ProjectManager.TargetToolchain=MDK-ARM V5.27
PB10.GPIO_Label=EE_SCL
PB7.GPIOParameters=GPIO_Label
PB2.GPIOParameters=GPIO_PuPd,GPIO_Label
PA9.Signal=S_TIM1_CH2
VP_TIM1_VS_ClockSourceINT.Signal=TIM1_VS_ClockSourceINT
TIM1.Channel-PWM\ Generation2\ CH2=TIM_CHANNEL_2
I2C1.Timing=0x00101D7C
PB11.GPIOParameters=GPIO_Label
PB9.Locked=true
ProjectManager.RegisterCallBack=
PA7.GPIO_PuPd=GPIO_PULLUP
PA1.Signal=GPIO_Output
PB1.Locked=true
SH.S_TIM1_CH2.ConfNb=1
PB10.Signal=I2C1_SCL
PB14.Signal=GPIO_Output
PA5.Signal=GPIO_Output
board=custom
ProjectManager.LastFirmware=true
TIM16.Period=1000-1
MxCube.Version=6.1.1
PB4.GPIO_Label=LedExhaust
PB15.GPIO_Label=Motor23Out
SH.S_TIM1_CH2.0=TIM1_CH2,PWM Generation2 CH2
PC13.GPIOParameters=GPIO_Label
Mcu.Pin30=VP_IWDG_VS_IWDG
PA1.GPIO_Label=LCD_RW
VP_SYS_VS_Systick.Mode=SysTick
Mcu.Pin33=VP_TIM16_VS_ClockSourceINT
Mcu.Pin34=VP_TIM17_VS_ClockSourceINT
Mcu.Pin31=VP_SYS_VS_Systick
Mcu.Pin32=VP_TIM1_VS_ClockSourceINT
VP_TIM16_VS_ClockSourceINT.Signal=TIM16_VS_ClockSourceINT
NVIC.NonMaskableInt_IRQn=true\:0\:0\:false\:false\:true\:false\:false
PA4.GPIOParameters=GPIO_Label
PB15.GPIOParameters=GPIO_Label
PA13.Mode=Serial_Wire
ProjectManager.FreePins=false
RCC.IPParameters=AHBFreq_Value,APB1Freq_Value,APB1TimFreq_Value,FCLKCortexFreq_Value,FamilyName,HCLKFreq_Value,MCOFreq_Value,PLLCLKFreq_Value,PLLMCOFreq_Value,PLLMUL,SYSCLKFreq_VALUE,SYSCLKSource,TimSysFreq_Value,USART1Freq_Value
IWDG.IPParameters=Prescaler
ProjectManager.AskForMigrate=true
Mcu.Name=STM32F030C6Tx
Mcu.Pin26=PB6
Mcu.Pin27=PB7
PA2.Signal=GPIO_Output
Mcu.Pin24=PB3
ProjectManager.UnderRoot=false
Mcu.Pin25=PB4
PB2.Locked=true
Mcu.Pin28=PB8
Mcu.IP6=TIM16
Mcu.Pin29=PB9
Mcu.IP7=TIM17
ProjectManager.CoupleFile=true
PB4.Locked=true
PB3.Signal=GPIO_Output
PA4.Signal=GPIO_Output
RCC.SYSCLKFreq_VALUE=48000000
Mcu.Pin22=PF7
Mcu.Pin23=PA14
RCC.TimSysFreq_Value=48000000
PA1.Locked=true
PA7.GPIO_Label=KeyUP
Mcu.Pin20=PA11
PA3.Locked=true
Mcu.Pin21=PA13
PA5.GPIO_Label=LCD_D6
NVIC.ForceEnableDMAVector=true
KeepUserPlacement=false
ProjectManager.CompilerOptimize=6
PA11.Signal=GPIO_Output
VP_IWDG_VS_IWDG.Signal=IWDG_VS_IWDG
PA14.Signal=SYS_SWCLK
PB2.GPIO_Label=KeyLedBuzzer
ProjectManager.HeapSize=0x200
PA0.GPIOParameters=GPIO_Label
Mcu.Pin15=PB13
NVIC.HardFault_IRQn=true\:0\:0\:false\:false\:true\:false\:false
Mcu.Pin16=PB14
Mcu.Pin13=PB11
Mcu.Pin14=PB12
Mcu.Pin19=PA9
ProjectManager.ComputerToolchain=false
Mcu.Pin17=PB15
Mcu.Pin18=PA8
Mcu.Pin11=PB2
Mcu.Pin12=PB10
Mcu.Pin10=PB1
IWDG.Prescaler=IWDG_PRESCALER_256
PB7.Locked=true
PB8.Signal=GPIO_Output
TIM16.IPParameters=Prescaler,Period
RCC.APB1Freq_Value=48000000
PB0.Signal=GPIO_Input
PA7.GPIOParameters=GPIO_PuPd,GPIO_Label
ProjectManager.DeviceId=STM32F030C6Tx
PB12.GPIOParameters=GPIO_Label
PB12.Signal=GPIO_Output
ProjectManager.LibraryCopy=0
PB0.GPIO_PuPd=GPIO_PULLUP
PA3.GPIO_Label=LCD_D4
PB1.GPIOParameters=GPIO_PuPd,GPIO_Label
PA7.Signal=GPIO_Input
PA6.Locked=true
